<Solution>
  <Project Path="01/EvenNumber/EvenNumber.csproj" />
  <Project Path="02/LargerNumber/LargerNumber.csproj" />
  <Project Path="03/OrderNumbers/OrderNumbers.csproj" />
  <Project Path="04/Multiples/Multiples.csproj" />
  <Project Path="05/LeapYear/LeapYear.csproj" />
  <Project Path="06/CEmployee.Backend/CEmployee.Backend.csproj" />
  <Project Path="06/CEmployee.Frontend/CEmployee.Frontend.csproj" />
  <Project Path="07/Sales.Backend/Sales.Backend.csproj" />
  <Project Path="07/Sales.Frontend/Sales.Frontend.csproj" />
  <Project Path="08/Student.Backend/Student.Backend.csproj" />
  <Project Path="08/Student.Frontend/Student.Frontend.csproj" />
</Solution>
