<Solution>
  <Folder Name="/01/">
    <Project Path="EvenNumber/EvenNumber.csproj" />
  </Folder>
  <Folder Name="/02/">
    <Project Path="LargerNumber/LargerNumber.csproj" />
  </Folder>
  <Folder Name="/03/">
    <Project Path="OrderNumbers/OrderNumbers.csproj" />
  </Folder>
  <Folder Name="/04/">
    <Project Path="Multiples/Multiples.csproj" />
  </Folder>
</Solution>
